PODS:
  - Google-Maps-iOS-SDK (1.9.2)
  - GoogleAnalytics (3.12.0)
  - LinqToObjectiveC (2.0.0)
  - OCHamcrest (4.1.1)
  - ReactiveCocoa (2.3.1):
    - ReactiveCocoa/UI (= 2.3.1)
  - ReactiveCocoa/Core (2.3.1):
    - ReactiveCocoa/no-arc
  - ReactiveCocoa/no-arc (2.3.1)
  - ReactiveCocoa/UI (2.3.1):
    - ReactiveCocoa/Core
  - Typhoon (3.0.2):
    - Typhoon/no-arc (= 3.0.2)
  - Typhoon/no-arc (3.0.2)
  - UIImageViewAligned (0.0.1)
  - Wit (4.1.0)
  - XCAsyncTestCase (1.0.0)

DEPENDENCIES:
  - Google-Maps-iOS-SDK
  - GoogleAnalytics
  - LinqToObjectiveC
  - OCHamcrest
  - ReactiveCocoa
  - Typhoon
  - UIImageViewAligned (from `./../UIImageViewAligned`)
  - Wit (from `./../../wit-ios-sdk`)
  - XCAsyncTestCase

EXTERNAL SOURCES:
  UIImageViewAligned:
    :path: "./../UIImageViewAligned"
  Wit:
    :path: "./../../wit-ios-sdk"

SPEC CHECKSUMS:
  Google-Maps-iOS-SDK: 4c008abdb68e03ae125c7f674be841d369e2b3de
  GoogleAnalytics: ef2e0b800ef3c1e62688cdfc959e0d3132bc246c
  LinqToObjectiveC: 768f98c62d5b57cb6bdb7ab869e33d0a7a2da29c
  OCHamcrest: 6f03ffa81d12feab872638490a44ab0a6d3aca10
  ReactiveCocoa: 334468a83b2c5f669f7cfb9a084415ee23219b4f
  Typhoon: 41c79941e0235c0177457a8f272953d922f47d74
  UIImageViewAligned: c188246ca50d21a5ac2a60ae754669525bb9f2f1
  Wit: c00af597e168d45b00109993bb378ce86456c346
  XCAsyncTestCase: ff65c4665825960cfd90b18820342ec4671007bc

COCOAPODS: 0.36.3
