// !$*UTF8*$!
{
	archiveVersion = 1;
	classes = {
	};
	objectVersion = 46;
	objects = {

/* Begin PBXBuildFile section */
		2352555AE3624473A5BC7BC2 /* Restaurant.m in Sources */ = {isa = PBXBuildFile; fileRef = 2352538EB4AA25171FB6F2A9 /* Restaurant.m */; };
		23525A5A6472E304F48914DF /* GoogleRestaurantSearch.m in Sources */ = {isa = PBXBuildFile; fileRef = 23525CA018C27D04A8260B18 /* GoogleRestaurantSearch.m */; };
		23525FBEDE7B4732549F7342 /* TyphoonComponents.m in Sources */ = {isa = PBXBuildFile; fileRef = 23525143574F075BFDBD70B5 /* TyphoonComponents.m */; };
		3D709FDF2C4B4D118D6EB3B1 /* libPods-FoodHero.a in Frameworks */ = {isa = PBXBuildFile; fileRef = 87CDF585A9494C2ABFC31D2C /* libPods-FoodHero.a */; };
		8F5474521961797F00843FEE /* Main.storyboard in Resources */ = {isa = PBXBuildFile; fileRef = 8F5474511961797F00843FEE /* Main.storyboard */; };
		8F54745519619A2300843FEE /* TyphoonBuilder.m in Sources */ = {isa = PBXBuildFile; fileRef = 8F54745419619A2300843FEE /* TyphoonBuilder.m */; };
		8F54745819619AA300843FEE /* DefaultAssembly.m in Sources */ = {isa = PBXBuildFile; fileRef = 8F54745719619AA300843FEE /* DefaultAssembly.m */; };
		8F54745B19619C0D00843FEE /* NavigationController.m in Sources */ = {isa = PBXBuildFile; fileRef = 8F54745A19619C0D00843FEE /* NavigationController.m */; };
		8F54745F1961F0DA00843FEE /* ConversationViewController.m in Sources */ = {isa = PBXBuildFile; fileRef = 8F54745E1961F0DA00843FEE /* ConversationViewController.m */; };
		8F60D0E31969ABC3007324B6 /* ConversationBubble-User@2x.png in Resources */ = {isa = PBXBuildFile; fileRef = 8F60D0E21969ABC3007324B6 /* ConversationBubble-User@2x.png */; };
		8F60D0E61969ABE0007324B6 /* ConversationBubbleUser.m in Sources */ = {isa = PBXBuildFile; fileRef = 8F60D0E51969ABE0007324B6 /* ConversationBubbleUser.m */; };
		8F6A2A1C196C216F00464A6E /* TyphoonComponentsTests.m in Sources */ = {isa = PBXBuildFile; fileRef = 8F6A2A1B196C216F00464A6E /* TyphoonComponentsTests.m */; };
		8F6F3D6D1966ABB6003F7AC0 /* ConversationBubbleTableViewCell.m in Sources */ = {isa = PBXBuildFile; fileRef = 8F6F3D6C1966ABB6003F7AC0 /* ConversationBubbleTableViewCell.m */; };
		8F6F3D701966ABDE003F7AC0 /* ConversationBubble.m in Sources */ = {isa = PBXBuildFile; fileRef = 8F6F3D6F1966ABDE003F7AC0 /* ConversationBubble.m */; };
		8F6F3D731966ACDA003F7AC0 /* ConversationBubbleFoodHero.m in Sources */ = {isa = PBXBuildFile; fileRef = 8F6F3D721966ACDA003F7AC0 /* ConversationBubbleFoodHero.m */; };
		8FCBADCD19614B83001ED357 /* Foundation.framework in Frameworks */ = {isa = PBXBuildFile; fileRef = 8FCBADCC19614B83001ED357 /* Foundation.framework */; };
		8FCBADCF19614B83001ED357 /* CoreGraphics.framework in Frameworks */ = {isa = PBXBuildFile; fileRef = 8FCBADCE19614B83001ED357 /* CoreGraphics.framework */; };
		8FCBADD119614B83001ED357 /* UIKit.framework in Frameworks */ = {isa = PBXBuildFile; fileRef = 8FCBADD019614B83001ED357 /* UIKit.framework */; };
		8FCBADD719614B83001ED357 /* InfoPlist.strings in Resources */ = {isa = PBXBuildFile; fileRef = 8FCBADD519614B83001ED357 /* InfoPlist.strings */; };
		8FCBADD919614B83001ED357 /* main.m in Sources */ = {isa = PBXBuildFile; fileRef = 8FCBADD819614B83001ED357 /* main.m */; };
		8FCBADDD19614B83001ED357 /* AppDelegate.m in Sources */ = {isa = PBXBuildFile; fileRef = 8FCBADDC19614B83001ED357 /* AppDelegate.m */; };
		8FCBADDF19614B83001ED357 /* Images.xcassets in Resources */ = {isa = PBXBuildFile; fileRef = 8FCBADDE19614B83001ED357 /* Images.xcassets */; };
		8FCBADE619614B83001ED357 /* XCTest.framework in Frameworks */ = {isa = PBXBuildFile; fileRef = 8FCBADE519614B83001ED357 /* XCTest.framework */; };
		8FCBADE719614B83001ED357 /* Foundation.framework in Frameworks */ = {isa = PBXBuildFile; fileRef = 8FCBADCC19614B83001ED357 /* Foundation.framework */; };
		8FCBADE819614B83001ED357 /* UIKit.framework in Frameworks */ = {isa = PBXBuildFile; fileRef = 8FCBADD019614B83001ED357 /* UIKit.framework */; };
		8FCBADF019614B83001ED357 /* InfoPlist.strings in Resources */ = {isa = PBXBuildFile; fileRef = 8FCBADEE19614B83001ED357 /* InfoPlist.strings */; };
		8FCBADF219614B83001ED357 /* ApplicationAssemblyTests.m in Sources */ = {isa = PBXBuildFile; fileRef = 8FCBADF119614B83001ED357 /* ApplicationAssemblyTests.m */; };
		8FCBBDCB1969A3AA00D4B85F /* ConversationBubble-FoodHero@2x.png in Resources */ = {isa = PBXBuildFile; fileRef = 8FCBBDCA1969A3AA00D4B85F /* ConversationBubble-FoodHero@2x.png */; };
		8FCC764F196A852400AA9A6F /* ConversationAppService.m in Sources */ = {isa = PBXBuildFile; fileRef = 8FCC764E196A852400AA9A6F /* ConversationAppService.m */; };
		8FCC7651196A874800AA9A6F /* ConversationAppServiceTests.m in Sources */ = {isa = PBXBuildFile; fileRef = 8FCC7650196A874800AA9A6F /* ConversationAppServiceTests.m */; };
		8FCC7659196A994700AA9A6F /* DesignByContractException.m in Sources */ = {isa = PBXBuildFile; fileRef = 8FCC7654196A95D300AA9A6F /* DesignByContractException.m */; };
		8FCC765C196A9B9100AA9A6F /* Statement.m in Sources */ = {isa = PBXBuildFile; fileRef = 8FCC765B196A9B9100AA9A6F /* Statement.m */; };
		8FCC765F196AA43600AA9A6F /* FoodHero.m in Sources */ = {isa = PBXBuildFile; fileRef = 8FCC765E196AA43600AA9A6F /* FoodHero.m */; };
		8FCC7662196AA45300AA9A6F /* AnonymousUser.m in Sources */ = {isa = PBXBuildFile; fileRef = 8FCC7661196AA45300AA9A6F /* AnonymousUser.m */; };
		8FCC7665196AA47D00AA9A6F /* Persona.m in Sources */ = {isa = PBXBuildFile; fileRef = 8FCC7664196AA47D00AA9A6F /* Persona.m */; };
		8FCC7668196AA58200AA9A6F /* Personas.m in Sources */ = {isa = PBXBuildFile; fileRef = 8FCC7667196AA58200AA9A6F /* Personas.m */; };
		8FD0E05619689583002128EB /* Cuttlery-Background@2x.png in Resources */ = {isa = PBXBuildFile; fileRef = 8FD0E05519689583002128EB /* Cuttlery-Background@2x.png */; };
		8FD2FFE0196AFB2F002E922E /* ConversationRepository.m in Sources */ = {isa = PBXBuildFile; fileRef = 8FD2FFDF196AFB2F002E922E /* ConversationRepository.m */; };
		8FD2FFE2196AFF9D002E922E /* ConversationRepositoryTests.m in Sources */ = {isa = PBXBuildFile; fileRef = 8FD2FFE1196AFF9D002E922E /* ConversationRepositoryTests.m */; };
		8FD2FFE6196B0092002E922E /* Conversation.m in Sources */ = {isa = PBXBuildFile; fileRef = 8FD2FFE5196B0092002E922E /* Conversation.m */; };
		8FD2FFE8196B01F7002E922E /* ConversationTests.m in Sources */ = {isa = PBXBuildFile; fileRef = 8FD2FFE7196B01F7002E922E /* ConversationTests.m */; };
		8FD6191E1966EEDE00B57343 /* ConversationViewControllerTests.m in Sources */ = {isa = PBXBuildFile; fileRef = 8FD6191D1966EEDE00B57343 /* ConversationViewControllerTests.m */; };
		8FD619211966F01500B57343 /* ControllerFactory.m in Sources */ = {isa = PBXBuildFile; fileRef = 8FD619201966F01500B57343 /* ControllerFactory.m */; };
		CCBEFC2AA51A4FBDA79617D3 /* libPods-FoodHeroTests.a in Frameworks */ = {isa = PBXBuildFile; fileRef = 0A30424296DB45F0AA881B71 /* libPods-FoodHeroTests.a */; };
/* End PBXBuildFile section */

/* Begin PBXContainerItemProxy section */
		8FCBADE919614B83001ED357 /* PBXContainerItemProxy */ = {
			isa = PBXContainerItemProxy;
			containerPortal = 8FCBADC119614B83001ED357 /* Project object */;
			proxyType = 1;
			remoteGlobalIDString = 8FCBADC819614B83001ED357;
			remoteInfo = FoodHero;
		};
/* End PBXContainerItemProxy section */

/* Begin PBXFileReference section */
		0A30424296DB45F0AA881B71 /* libPods-FoodHeroTests.a */ = {isa = PBXFileReference; explicitFileType = archive.ar; includeInIndex = 0; path = "libPods-FoodHeroTests.a"; sourceTree = BUILT_PRODUCTS_DIR; };
		23525143574F075BFDBD70B5 /* TyphoonComponents.m */ = {isa = PBXFileReference; fileEncoding = 4; lastKnownFileType = sourcecode.c.objc; path = TyphoonComponents.m; sourceTree = "<group>"; };
		2352538EB4AA25171FB6F2A9 /* Restaurant.m */ = {isa = PBXFileReference; fileEncoding = 4; lastKnownFileType = sourcecode.c.objc; path = Restaurant.m; sourceTree = "<group>"; };
		235253A10E05499EAAA367D4 /* ApplicationAssembly.h */ = {isa = PBXFileReference; fileEncoding = 4; lastKnownFileType = sourcecode.c.h; path = ApplicationAssembly.h; sourceTree = "<group>"; };
		2352543B711ACCA09E6C7623 /* Restaurant.h */ = {isa = PBXFileReference; fileEncoding = 4; lastKnownFileType = sourcecode.c.h; path = Restaurant.h; sourceTree = "<group>"; };
		235257DFD35891710A4B6D90 /* RestaurantSearch.h */ = {isa = PBXFileReference; fileEncoding = 4; lastKnownFileType = sourcecode.c.h; path = RestaurantSearch.h; sourceTree = "<group>"; };
		23525CA018C27D04A8260B18 /* GoogleRestaurantSearch.m */ = {isa = PBXFileReference; fileEncoding = 4; lastKnownFileType = sourcecode.c.objc; path = GoogleRestaurantSearch.m; sourceTree = "<group>"; };
		23525CC73861BAFAB099C3C0 /* GoogleRestaurantSearch.h */ = {isa = PBXFileReference; fileEncoding = 4; lastKnownFileType = sourcecode.c.h; path = GoogleRestaurantSearch.h; sourceTree = "<group>"; };
		23525E072F5208D0FF8131D1 /* TyphoonComponents.h */ = {isa = PBXFileReference; fileEncoding = 4; lastKnownFileType = sourcecode.c.h; path = TyphoonComponents.h; sourceTree = "<group>"; };
		2B62F4A5BA724C0883A67471 /* Pods-FoodHero.xcconfig */ = {isa = PBXFileReference; includeInIndex = 1; lastKnownFileType = text.xcconfig; name = "Pods-FoodHero.xcconfig"; path = "Pods/Pods-FoodHero.xcconfig"; sourceTree = "<group>"; };
		87CDF585A9494C2ABFC31D2C /* libPods-FoodHero.a */ = {isa = PBXFileReference; explicitFileType = archive.ar; includeInIndex = 0; path = "libPods-FoodHero.a"; sourceTree = BUILT_PRODUCTS_DIR; };
		8F5474511961797F00843FEE /* Main.storyboard */ = {isa = PBXFileReference; fileEncoding = 4; lastKnownFileType = file.storyboard; path = Main.storyboard; sourceTree = "<group>"; };
		8F54745319619A2300843FEE /* TyphoonBuilder.h */ = {isa = PBXFileReference; fileEncoding = 4; lastKnownFileType = sourcecode.c.h; path = TyphoonBuilder.h; sourceTree = "<group>"; };
		8F54745419619A2300843FEE /* TyphoonBuilder.m */ = {isa = PBXFileReference; fileEncoding = 4; lastKnownFileType = sourcecode.c.objc; path = TyphoonBuilder.m; sourceTree = "<group>"; };
		8F54745619619AA300843FEE /* DefaultAssembly.h */ = {isa = PBXFileReference; fileEncoding = 4; lastKnownFileType = sourcecode.c.h; path = DefaultAssembly.h; sourceTree = "<group>"; };
		8F54745719619AA300843FEE /* DefaultAssembly.m */ = {isa = PBXFileReference; fileEncoding = 4; lastKnownFileType = sourcecode.c.objc; path = DefaultAssembly.m; sourceTree = "<group>"; };
		8F54745919619C0D00843FEE /* NavigationController.h */ = {isa = PBXFileReference; fileEncoding = 4; lastKnownFileType = sourcecode.c.h; path = NavigationController.h; sourceTree = "<group>"; };
		8F54745A19619C0D00843FEE /* NavigationController.m */ = {isa = PBXFileReference; fileEncoding = 4; lastKnownFileType = sourcecode.c.objc; path = NavigationController.m; sourceTree = "<group>"; };
		8F54745D1961F0D900843FEE /* ConversationViewController.h */ = {isa = PBXFileReference; fileEncoding = 4; lastKnownFileType = sourcecode.c.h; path = ConversationViewController.h; sourceTree = "<group>"; };
		8F54745E1961F0DA00843FEE /* ConversationViewController.m */ = {isa = PBXFileReference; fileEncoding = 4; lastKnownFileType = sourcecode.c.objc; path = ConversationViewController.m; sourceTree = "<group>"; };
		8F60D0E21969ABC3007324B6 /* ConversationBubble-User@2x.png */ = {isa = PBXFileReference; lastKnownFileType = image.png; path = "ConversationBubble-User@2x.png"; sourceTree = "<group>"; };
		8F60D0E41969ABE0007324B6 /* ConversationBubbleUser.h */ = {isa = PBXFileReference; fileEncoding = 4; lastKnownFileType = sourcecode.c.h; path = ConversationBubbleUser.h; sourceTree = "<group>"; };
		8F60D0E51969ABE0007324B6 /* ConversationBubbleUser.m */ = {isa = PBXFileReference; fileEncoding = 4; lastKnownFileType = sourcecode.c.objc; path = ConversationBubbleUser.m; sourceTree = "<group>"; };
		8F6A2A1B196C216F00464A6E /* TyphoonComponentsTests.m */ = {isa = PBXFileReference; fileEncoding = 4; lastKnownFileType = sourcecode.c.objc; path = TyphoonComponentsTests.m; sourceTree = "<group>"; };
		8F6F3D6B1966ABB6003F7AC0 /* ConversationBubbleTableViewCell.h */ = {isa = PBXFileReference; fileEncoding = 4; lastKnownFileType = sourcecode.c.h; path = ConversationBubbleTableViewCell.h; sourceTree = "<group>"; };
		8F6F3D6C1966ABB6003F7AC0 /* ConversationBubbleTableViewCell.m */ = {isa = PBXFileReference; fileEncoding = 4; lastKnownFileType = sourcecode.c.objc; path = ConversationBubbleTableViewCell.m; sourceTree = "<group>"; };
		8F6F3D6E1966ABDE003F7AC0 /* ConversationBubble.h */ = {isa = PBXFileReference; fileEncoding = 4; lastKnownFileType = sourcecode.c.h; path = ConversationBubble.h; sourceTree = "<group>"; };
		8F6F3D6F1966ABDE003F7AC0 /* ConversationBubble.m */ = {isa = PBXFileReference; fileEncoding = 4; lastKnownFileType = sourcecode.c.objc; path = ConversationBubble.m; sourceTree = "<group>"; };
		8F6F3D711966ACDA003F7AC0 /* ConversationBubbleFoodHero.h */ = {isa = PBXFileReference; fileEncoding = 4; lastKnownFileType = sourcecode.c.h; path = ConversationBubbleFoodHero.h; sourceTree = "<group>"; };
		8F6F3D721966ACDA003F7AC0 /* ConversationBubbleFoodHero.m */ = {isa = PBXFileReference; fileEncoding = 4; lastKnownFileType = sourcecode.c.objc; path = ConversationBubbleFoodHero.m; sourceTree = "<group>"; };
		8FCBADC919614B83001ED357 /* FoodHero.app */ = {isa = PBXFileReference; explicitFileType = wrapper.application; includeInIndex = 0; path = FoodHero.app; sourceTree = BUILT_PRODUCTS_DIR; };
		8FCBADCC19614B83001ED357 /* Foundation.framework */ = {isa = PBXFileReference; lastKnownFileType = wrapper.framework; name = Foundation.framework; path = System/Library/Frameworks/Foundation.framework; sourceTree = SDKROOT; };
		8FCBADCE19614B83001ED357 /* CoreGraphics.framework */ = {isa = PBXFileReference; lastKnownFileType = wrapper.framework; name = CoreGraphics.framework; path = System/Library/Frameworks/CoreGraphics.framework; sourceTree = SDKROOT; };
		8FCBADD019614B83001ED357 /* UIKit.framework */ = {isa = PBXFileReference; lastKnownFileType = wrapper.framework; name = UIKit.framework; path = System/Library/Frameworks/UIKit.framework; sourceTree = SDKROOT; };
		8FCBADD419614B83001ED357 /* FoodHero-Info.plist */ = {isa = PBXFileReference; lastKnownFileType = text.plist.xml; path = "FoodHero-Info.plist"; sourceTree = "<group>"; };
		8FCBADD619614B83001ED357 /* en */ = {isa = PBXFileReference; lastKnownFileType = text.plist.strings; name = en; path = en.lproj/InfoPlist.strings; sourceTree = "<group>"; };
		8FCBADD819614B83001ED357 /* main.m */ = {isa = PBXFileReference; lastKnownFileType = sourcecode.c.objc; path = main.m; sourceTree = "<group>"; };
		8FCBADDA19614B83001ED357 /* FoodHero-Prefix.pch */ = {isa = PBXFileReference; lastKnownFileType = sourcecode.c.h; path = "FoodHero-Prefix.pch"; sourceTree = "<group>"; };
		8FCBADDB19614B83001ED357 /* AppDelegate.h */ = {isa = PBXFileReference; lastKnownFileType = sourcecode.c.h; path = AppDelegate.h; sourceTree = "<group>"; };
		8FCBADDC19614B83001ED357 /* AppDelegate.m */ = {isa = PBXFileReference; lastKnownFileType = sourcecode.c.objc; path = AppDelegate.m; sourceTree = "<group>"; };
		8FCBADDE19614B83001ED357 /* Images.xcassets */ = {isa = PBXFileReference; lastKnownFileType = folder.assetcatalog; path = Images.xcassets; sourceTree = "<group>"; };
		8FCBADE419614B83001ED357 /* FoodHeroTests.xctest */ = {isa = PBXFileReference; explicitFileType = wrapper.cfbundle; includeInIndex = 0; path = FoodHeroTests.xctest; sourceTree = BUILT_PRODUCTS_DIR; };
		8FCBADE519614B83001ED357 /* XCTest.framework */ = {isa = PBXFileReference; lastKnownFileType = wrapper.framework; name = XCTest.framework; path = Library/Frameworks/XCTest.framework; sourceTree = DEVELOPER_DIR; };
		8FCBADED19614B83001ED357 /* FoodHeroTests-Info.plist */ = {isa = PBXFileReference; lastKnownFileType = text.plist.xml; path = "FoodHeroTests-Info.plist"; sourceTree = "<group>"; };
		8FCBADEF19614B83001ED357 /* en */ = {isa = PBXFileReference; lastKnownFileType = text.plist.strings; name = en; path = en.lproj/InfoPlist.strings; sourceTree = "<group>"; };
		8FCBADF119614B83001ED357 /* ApplicationAssemblyTests.m */ = {isa = PBXFileReference; lastKnownFileType = sourcecode.c.objc; path = ApplicationAssemblyTests.m; sourceTree = "<group>"; };
		8FCBBDCA1969A3AA00D4B85F /* ConversationBubble-FoodHero@2x.png */ = {isa = PBXFileReference; lastKnownFileType = image.png; path = "ConversationBubble-FoodHero@2x.png"; sourceTree = "<group>"; };
		8FCC764D196A852400AA9A6F /* ConversationAppService.h */ = {isa = PBXFileReference; fileEncoding = 4; lastKnownFileType = sourcecode.c.h; path = ConversationAppService.h; sourceTree = "<group>"; };
		8FCC764E196A852400AA9A6F /* ConversationAppService.m */ = {isa = PBXFileReference; fileEncoding = 4; lastKnownFileType = sourcecode.c.objc; path = ConversationAppService.m; sourceTree = "<group>"; };
		8FCC7650196A874800AA9A6F /* ConversationAppServiceTests.m */ = {isa = PBXFileReference; fileEncoding = 4; lastKnownFileType = sourcecode.c.objc; path = ConversationAppServiceTests.m; sourceTree = "<group>"; };
		8FCC7653196A95D300AA9A6F /* DesignByContractException.h */ = {isa = PBXFileReference; fileEncoding = 4; lastKnownFileType = sourcecode.c.h; name = DesignByContractException.h; path = FoodHeroTests/DesignByContractException.h; sourceTree = SOURCE_ROOT; };
		8FCC7654196A95D300AA9A6F /* DesignByContractException.m */ = {isa = PBXFileReference; fileEncoding = 4; lastKnownFileType = sourcecode.c.objc; name = DesignByContractException.m; path = FoodHeroTests/DesignByContractException.m; sourceTree = SOURCE_ROOT; };
		8FCC765A196A9B9100AA9A6F /* Statement.h */ = {isa = PBXFileReference; fileEncoding = 4; lastKnownFileType = sourcecode.c.h; path = Statement.h; sourceTree = "<group>"; };
		8FCC765B196A9B9100AA9A6F /* Statement.m */ = {isa = PBXFileReference; fileEncoding = 4; lastKnownFileType = sourcecode.c.objc; path = Statement.m; sourceTree = "<group>"; };
		8FCC765D196AA43600AA9A6F /* FoodHero.h */ = {isa = PBXFileReference; fileEncoding = 4; lastKnownFileType = sourcecode.c.h; path = FoodHero.h; sourceTree = "<group>"; };
		8FCC765E196AA43600AA9A6F /* FoodHero.m */ = {isa = PBXFileReference; fileEncoding = 4; lastKnownFileType = sourcecode.c.objc; path = FoodHero.m; sourceTree = "<group>"; };
		8FCC7660196AA45300AA9A6F /* AnonymousUser.h */ = {isa = PBXFileReference; fileEncoding = 4; lastKnownFileType = sourcecode.c.h; path = AnonymousUser.h; sourceTree = "<group>"; };
		8FCC7661196AA45300AA9A6F /* AnonymousUser.m */ = {isa = PBXFileReference; fileEncoding = 4; lastKnownFileType = sourcecode.c.objc; path = AnonymousUser.m; sourceTree = "<group>"; };
		8FCC7663196AA47D00AA9A6F /* Persona.h */ = {isa = PBXFileReference; fileEncoding = 4; lastKnownFileType = sourcecode.c.h; path = Persona.h; sourceTree = "<group>"; };
		8FCC7664196AA47D00AA9A6F /* Persona.m */ = {isa = PBXFileReference; fileEncoding = 4; lastKnownFileType = sourcecode.c.objc; path = Persona.m; sourceTree = "<group>"; };
		8FCC7666196AA58200AA9A6F /* Personas.h */ = {isa = PBXFileReference; fileEncoding = 4; lastKnownFileType = sourcecode.c.h; path = Personas.h; sourceTree = "<group>"; };
		8FCC7667196AA58200AA9A6F /* Personas.m */ = {isa = PBXFileReference; fileEncoding = 4; lastKnownFileType = sourcecode.c.objc; path = Personas.m; sourceTree = "<group>"; };
		8FD0E05519689583002128EB /* Cuttlery-Background@2x.png */ = {isa = PBXFileReference; lastKnownFileType = image.png; path = "Cuttlery-Background@2x.png"; sourceTree = "<group>"; };
		8FD2FFDE196AFB2F002E922E /* ConversationRepository.h */ = {isa = PBXFileReference; fileEncoding = 4; lastKnownFileType = sourcecode.c.h; path = ConversationRepository.h; sourceTree = "<group>"; };
		8FD2FFDF196AFB2F002E922E /* ConversationRepository.m */ = {isa = PBXFileReference; fileEncoding = 4; lastKnownFileType = sourcecode.c.objc; path = ConversationRepository.m; sourceTree = "<group>"; };
		8FD2FFE1196AFF9D002E922E /* ConversationRepositoryTests.m */ = {isa = PBXFileReference; fileEncoding = 4; lastKnownFileType = sourcecode.c.objc; path = ConversationRepositoryTests.m; sourceTree = "<group>"; };
		8FD2FFE4196B0092002E922E /* Conversation.h */ = {isa = PBXFileReference; fileEncoding = 4; lastKnownFileType = sourcecode.c.h; path = Conversation.h; sourceTree = "<group>"; };
		8FD2FFE5196B0092002E922E /* Conversation.m */ = {isa = PBXFileReference; fileEncoding = 4; lastKnownFileType = sourcecode.c.objc; path = Conversation.m; sourceTree = "<group>"; };
		8FD2FFE7196B01F7002E922E /* ConversationTests.m */ = {isa = PBXFileReference; fileEncoding = 4; lastKnownFileType = sourcecode.c.objc; path = ConversationTests.m; sourceTree = "<group>"; };
		8FD6191D1966EEDE00B57343 /* ConversationViewControllerTests.m */ = {isa = PBXFileReference; fileEncoding = 4; lastKnownFileType = sourcecode.c.objc; path = ConversationViewControllerTests.m; sourceTree = "<group>"; };
		8FD6191F1966F01500B57343 /* ControllerFactory.h */ = {isa = PBXFileReference; fileEncoding = 4; lastKnownFileType = sourcecode.c.h; path = ControllerFactory.h; sourceTree = "<group>"; };
		8FD619201966F01500B57343 /* ControllerFactory.m */ = {isa = PBXFileReference; fileEncoding = 4; lastKnownFileType = sourcecode.c.objc; path = ControllerFactory.m; sourceTree = "<group>"; };
		A5B12E02E3AA41E69D7C0516 /* Pods-FoodHeroTests.xcconfig */ = {isa = PBXFileReference; includeInIndex = 1; lastKnownFileType = text.xcconfig; name = "Pods-FoodHeroTests.xcconfig"; path = "Pods/Pods-FoodHeroTests.xcconfig"; sourceTree = "<group>"; };
/* End PBXFileReference section */

/* Begin PBXFrameworksBuildPhase section */
		8FCBADC619614B83001ED357 /* Frameworks */ = {
			isa = PBXFrameworksBuildPhase;
			buildActionMask = 2147483647;
			files = (
				8FCBADCF19614B83001ED357 /* CoreGraphics.framework in Frameworks */,
				8FCBADD119614B83001ED357 /* UIKit.framework in Frameworks */,
				8FCBADCD19614B83001ED357 /* Foundation.framework in Frameworks */,
				3D709FDF2C4B4D118D6EB3B1 /* libPods-FoodHero.a in Frameworks */,
			);
			runOnlyForDeploymentPostprocessing = 0;
		};
		8FCBADE119614B83001ED357 /* Frameworks */ = {
			isa = PBXFrameworksBuildPhase;
			buildActionMask = 2147483647;
			files = (
				8FCBADE619614B83001ED357 /* XCTest.framework in Frameworks */,
				8FCBADE819614B83001ED357 /* UIKit.framework in Frameworks */,
				8FCBADE719614B83001ED357 /* Foundation.framework in Frameworks */,
				CCBEFC2AA51A4FBDA79617D3 /* libPods-FoodHeroTests.a in Frameworks */,
			);
			runOnlyForDeploymentPostprocessing = 0;
		};
/* End PBXFrameworksBuildPhase section */

/* Begin PBXGroup section */
		8F54745C1961A36200843FEE /* Infrastructure */ = {
			isa = PBXGroup;
			children = (
				8FCC7653196A95D300AA9A6F /* DesignByContractException.h */,
				8FD2FFDE196AFB2F002E922E /* ConversationRepository.h */,
				8FD2FFDF196AFB2F002E922E /* ConversationRepository.m */,
				8FCC7654196A95D300AA9A6F /* DesignByContractException.m */,
				8F54745319619A2300843FEE /* TyphoonBuilder.h */,
				8F54745419619A2300843FEE /* TyphoonBuilder.m */,
				8F54745619619AA300843FEE /* DefaultAssembly.h */,
				8F54745719619AA300843FEE /* DefaultAssembly.m */,
				8FCBADDB19614B83001ED357 /* AppDelegate.h */,
				8FCBADDC19614B83001ED357 /* AppDelegate.m */,
				8FD6191F1966F01500B57343 /* ControllerFactory.h */,
				8FD619201966F01500B57343 /* ControllerFactory.m */,
				23525CA018C27D04A8260B18 /* GoogleRestaurantSearch.m */,
				23525CC73861BAFAB099C3C0 /* GoogleRestaurantSearch.h */,
				23525143574F075BFDBD70B5 /* TyphoonComponents.m */,
				23525E072F5208D0FF8131D1 /* TyphoonComponents.h */,
				235253A10E05499EAAA367D4 /* ApplicationAssembly.h */,
			);
			name = Infrastructure;
			sourceTree = "<group>";
		};
		8FCBADC019614B83001ED357 = {
			isa = PBXGroup;
			children = (
				8FCBADD219614B83001ED357 /* FoodHero */,
				8FCBADEB19614B83001ED357 /* FoodHeroTests */,
				8FCBADCB19614B83001ED357 /* Frameworks */,
				8FCBADCA19614B83001ED357 /* Products */,
				2B62F4A5BA724C0883A67471 /* Pods-FoodHero.xcconfig */,
				A5B12E02E3AA41E69D7C0516 /* Pods-FoodHeroTests.xcconfig */,
			);
			sourceTree = "<group>";
		};
		8FCBADCA19614B83001ED357 /* Products */ = {
			isa = PBXGroup;
			children = (
				8FCBADC919614B83001ED357 /* FoodHero.app */,
				8FCBADE419614B83001ED357 /* FoodHeroTests.xctest */,
			);
			name = Products;
			sourceTree = "<group>";
		};
		8FCBADCB19614B83001ED357 /* Frameworks */ = {
			isa = PBXGroup;
			children = (
				8FCBADCC19614B83001ED357 /* Foundation.framework */,
				8FCBADCE19614B83001ED357 /* CoreGraphics.framework */,
				8FCBADD019614B83001ED357 /* UIKit.framework */,
				8FCBADE519614B83001ED357 /* XCTest.framework */,
				87CDF585A9494C2ABFC31D2C /* libPods-FoodHero.a */,
				0A30424296DB45F0AA881B71 /* libPods-FoodHeroTests.a */,
			);
			name = Frameworks;
			sourceTree = "<group>";
		};
		8FCBADD219614B83001ED357 /* FoodHero */ = {
			isa = PBXGroup;
			children = (
				8FCC764C196A84DF00AA9A6F /* Conversation */,
				8F54745C1961A36200843FEE /* Infrastructure */,
				8FCBADDE19614B83001ED357 /* Images.xcassets */,
				8FCBADD319614B83001ED357 /* Supporting Files */,
				8F5474511961797F00843FEE /* Main.storyboard */,
				8F54745919619C0D00843FEE /* NavigationController.h */,
				8F54745A19619C0D00843FEE /* NavigationController.m */,
			);
			path = FoodHero;
			sourceTree = "<group>";
		};
		8FCBADD319614B83001ED357 /* Supporting Files */ = {
			isa = PBXGroup;
			children = (
				8FCBADD419614B83001ED357 /* FoodHero-Info.plist */,
				8FCBADD519614B83001ED357 /* InfoPlist.strings */,
				8FCBBDCA1969A3AA00D4B85F /* ConversationBubble-FoodHero@2x.png */,
				8F60D0E21969ABC3007324B6 /* ConversationBubble-User@2x.png */,
				8FD0E05519689583002128EB /* Cuttlery-Background@2x.png */,
				8FCBADD819614B83001ED357 /* main.m */,
				8FCBADDA19614B83001ED357 /* FoodHero-Prefix.pch */,
			);
			name = "Supporting Files";
			sourceTree = "<group>";
		};
		8FCBADEB19614B83001ED357 /* FoodHeroTests */ = {
			isa = PBXGroup;
			children = (
				8FCC7652196A874F00AA9A6F /* Conversation */,
				8FCBADF119614B83001ED357 /* ApplicationAssemblyTests.m */,
				8FCBADEC19614B83001ED357 /* Supporting Files */,
			);
			path = FoodHeroTests;
			sourceTree = "<group>";
		};
		8FCBADEC19614B83001ED357 /* Supporting Files */ = {
			isa = PBXGroup;
			children = (
				8FCBADED19614B83001ED357 /* FoodHeroTests-Info.plist */,
				8FCBADEE19614B83001ED357 /* InfoPlist.strings */,
			);
			name = "Supporting Files";
			sourceTree = "<group>";
		};
		8FCC764C196A84DF00AA9A6F /* Conversation */ = {
			isa = PBXGroup;
			children = (
				8FCC766A196AAAE000AA9A6F /* Domain */,
				8FCC7669196AAACC00AA9A6F /* UserInterface */,
			);
			name = Conversation;
			sourceTree = "<group>";
		};
		8FCC7652196A874F00AA9A6F /* Conversation */ = {
			isa = PBXGroup;
			children = (
				8FD2FFE3196B006F002E922E /* Infrastructure */,
				8FCC766C196AAB4400AA9A6F /* Domain */,
				8FCC766B196AAB3A00AA9A6F /* UserInterface */,
			);
			name = Conversation;
			sourceTree = "<group>";
		};
		8FCC7669196AAACC00AA9A6F /* UserInterface */ = {
			isa = PBXGroup;
			children = (
				8F6F3D711966ACDA003F7AC0 /* ConversationBubbleFoodHero.h */,
				8F6F3D721966ACDA003F7AC0 /* ConversationBubbleFoodHero.m */,
				8F60D0E41969ABE0007324B6 /* ConversationBubbleUser.h */,
				8F6F3D6B1966ABB6003F7AC0 /* ConversationBubbleTableViewCell.h */,
				8F6F3D6C1966ABB6003F7AC0 /* ConversationBubbleTableViewCell.m */,
				8F54745D1961F0D900843FEE /* ConversationViewController.h */,
				8F54745E1961F0DA00843FEE /* ConversationViewController.m */,
				8F60D0E51969ABE0007324B6 /* ConversationBubbleUser.m */,
				8F6F3D6E1966ABDE003F7AC0 /* ConversationBubble.h */,
				8F6F3D6F1966ABDE003F7AC0 /* ConversationBubble.m */,
				8FCC764D196A852400AA9A6F /* ConversationAppService.h */,
				8FCC764E196A852400AA9A6F /* ConversationAppService.m */,
			);
			name = UserInterface;
			sourceTree = "<group>";
		};
		8FCC766A196AAAE000AA9A6F /* Domain */ = {
			isa = PBXGroup;
			children = (
				8FCC765A196A9B9100AA9A6F /* Statement.h */,
				8FCC765B196A9B9100AA9A6F /* Statement.m */,
				8FCC765D196AA43600AA9A6F /* FoodHero.h */,
				8FCC765E196AA43600AA9A6F /* FoodHero.m */,
				8FCC7660196AA45300AA9A6F /* AnonymousUser.h */,
				8FCC7661196AA45300AA9A6F /* AnonymousUser.m */,
				8FCC7663196AA47D00AA9A6F /* Persona.h */,
				8FCC7664196AA47D00AA9A6F /* Persona.m */,
				8FCC7666196AA58200AA9A6F /* Personas.h */,
				8FCC7667196AA58200AA9A6F /* Personas.m */,
				8FD2FFE4196B0092002E922E /* Conversation.h */,
				8FD2FFE5196B0092002E922E /* Conversation.m */,
				235257DFD35891710A4B6D90 /* RestaurantSearch.h */,
				2352538EB4AA25171FB6F2A9 /* Restaurant.m */,
				2352543B711ACCA09E6C7623 /* Restaurant.h */,
			);
			name = Domain;
			sourceTree = "<group>";
		};
		8FCC766B196AAB3A00AA9A6F /* UserInterface */ = {
			isa = PBXGroup;
			children = (
				8FD6191D1966EEDE00B57343 /* ConversationViewControllerTests.m */,
				8FCC7650196A874800AA9A6F /* ConversationAppServiceTests.m */,
			);
			name = UserInterface;
			sourceTree = "<group>";
		};
		8FCC766C196AAB4400AA9A6F /* Domain */ = {
			isa = PBXGroup;
			children = (
				8FD2FFE7196B01F7002E922E /* ConversationTests.m */,
			);
			name = Domain;
			sourceTree = "<group>";
		};
		8FD2FFE3196B006F002E922E /* Infrastructure */ = {
			isa = PBXGroup;
			children = (
				8FD2FFE1196AFF9D002E922E /* ConversationRepositoryTests.m */,
				8F6A2A1B196C216F00464A6E /* TyphoonComponentsTests.m */,
			);
			name = Infrastructure;
			sourceTree = "<group>";
		};
/* End PBXGroup section */

/* Begin PBXNativeTarget section */
		8FCBADC819614B83001ED357 /* FoodHero */ = {
			isa = PBXNativeTarget;
			buildConfigurationList = 8FCBADF519614B83001ED357 /* Build configuration list for PBXNativeTarget "FoodHero" */;
			buildPhases = (
				826E68EA9FCE4383A482A031 /* Check Pods Manifest.lock */,
				8FCBADC519614B83001ED357 /* Sources */,
				8FCBADC619614B83001ED357 /* Frameworks */,
				8FCBADC719614B83001ED357 /* Resources */,
				F7D2460F0C594202AD6E4F0A /* Copy Pods Resources */,
			);
			buildRules = (
			);
			dependencies = (
			);
			name = FoodHero;
			productName = FoodHero;
			productReference = 8FCBADC919614B83001ED357 /* FoodHero.app */;
			productType = "com.apple.product-type.application";
		};
		8FCBADE319614B83001ED357 /* FoodHeroTests */ = {
			isa = PBXNativeTarget;
			buildConfigurationList = 8FCBADF819614B83001ED357 /* Build configuration list for PBXNativeTarget "FoodHeroTests" */;
			buildPhases = (
				1DE023594DEB40C1880156F6 /* Check Pods Manifest.lock */,
				8FCBADE019614B83001ED357 /* Sources */,
				8FCBADE119614B83001ED357 /* Frameworks */,
				8FCBADE219614B83001ED357 /* Resources */,
				9F5313A7313C405691A29AAA /* Copy Pods Resources */,
			);
			buildRules = (
			);
			dependencies = (
				8FCBADEA19614B83001ED357 /* PBXTargetDependency */,
			);
			name = FoodHeroTests;
			productName = FoodHeroTests;
			productReference = 8FCBADE419614B83001ED357 /* FoodHeroTests.xctest */;
			productType = "com.apple.product-type.bundle.unit-test";
		};
/* End PBXNativeTarget section */

/* Begin PBXProject section */
		8FCBADC119614B83001ED357 /* Project object */ = {
			isa = PBXProject;
			attributes = {
				LastUpgradeCheck = 0510;
				ORGANIZATIONNAME = "JENNIUS LTD";
				TargetAttributes = {
					8FCBADE319614B83001ED357 = {
						TestTargetID = 8FCBADC819614B83001ED357;
					};
				};
			};
			buildConfigurationList = 8FCBADC419614B83001ED357 /* Build configuration list for PBXProject "FoodHero" */;
			compatibilityVersion = "Xcode 3.2";
			developmentRegion = English;
			hasScannedForEncodings = 0;
			knownRegions = (
				en,
			);
			mainGroup = 8FCBADC019614B83001ED357;
			productRefGroup = 8FCBADCA19614B83001ED357 /* Products */;
			projectDirPath = "";
			projectRoot = "";
			targets = (
				8FCBADC819614B83001ED357 /* FoodHero */,
				8FCBADE319614B83001ED357 /* FoodHeroTests */,
			);
		};
/* End PBXProject section */

/* Begin PBXResourcesBuildPhase section */
		8FCBADC719614B83001ED357 /* Resources */ = {
			isa = PBXResourcesBuildPhase;
			buildActionMask = 2147483647;
			files = (
				8FCBBDCB1969A3AA00D4B85F /* ConversationBubble-FoodHero@2x.png in Resources */,
				8FD0E05619689583002128EB /* Cuttlery-Background@2x.png in Resources */,
				8F5474521961797F00843FEE /* Main.storyboard in Resources */,
				8FCBADD719614B83001ED357 /* InfoPlist.strings in Resources */,
				8F60D0E31969ABC3007324B6 /* ConversationBubble-User@2x.png in Resources */,
				8FCBADDF19614B83001ED357 /* Images.xcassets in Resources */,
			);
			runOnlyForDeploymentPostprocessing = 0;
		};
		8FCBADE219614B83001ED357 /* Resources */ = {
			isa = PBXResourcesBuildPhase;
			buildActionMask = 2147483647;
			files = (
				8FCBADF019614B83001ED357 /* InfoPlist.strings in Resources */,
			);
			runOnlyForDeploymentPostprocessing = 0;
		};
/* End PBXResourcesBuildPhase section */

/* Begin PBXShellScriptBuildPhase section */
		1DE023594DEB40C1880156F6 /* Check Pods Manifest.lock */ = {
			isa = PBXShellScriptBuildPhase;
			buildActionMask = 2147483647;
			files = (
			);
			inputPaths = (
			);
			name = "Check Pods Manifest.lock";
			outputPaths = (
			);
			runOnlyForDeploymentPostprocessing = 0;
			shellPath = /bin/sh;
			shellScript = "diff \"${PODS_ROOT}/../Podfile.lock\" \"${PODS_ROOT}/Manifest.lock\" > /dev/null\nif [[ $? != 0 ]] ; then\n    cat << EOM\nerror: The sandbox is not in sync with the Podfile.lock. Run 'pod install' or update your CocoaPods installation.\nEOM\n    exit 1\nfi\n";
			showEnvVarsInLog = 0;
		};
		826E68EA9FCE4383A482A031 /* Check Pods Manifest.lock */ = {
			isa = PBXShellScriptBuildPhase;
			buildActionMask = 2147483647;
			files = (
			);
			inputPaths = (
			);
			name = "Check Pods Manifest.lock";
			outputPaths = (
			);
			runOnlyForDeploymentPostprocessing = 0;
			shellPath = /bin/sh;
			shellScript = "diff \"${PODS_ROOT}/../Podfile.lock\" \"${PODS_ROOT}/Manifest.lock\" > /dev/null\nif [[ $? != 0 ]] ; then\n    cat << EOM\nerror: The sandbox is not in sync with the Podfile.lock. Run 'pod install' or update your CocoaPods installation.\nEOM\n    exit 1\nfi\n";
			showEnvVarsInLog = 0;
		};
		9F5313A7313C405691A29AAA /* Copy Pods Resources */ = {
			isa = PBXShellScriptBuildPhase;
			buildActionMask = 2147483647;
			files = (
			);
			inputPaths = (
			);
			name = "Copy Pods Resources";
			outputPaths = (
			);
			runOnlyForDeploymentPostprocessing = 0;
			shellPath = /bin/sh;
			shellScript = "\"${SRCROOT}/Pods/Pods-FoodHeroTests-resources.sh\"\n";
			showEnvVarsInLog = 0;
		};
		F7D2460F0C594202AD6E4F0A /* Copy Pods Resources */ = {
			isa = PBXShellScriptBuildPhase;
			buildActionMask = 2147483647;
			files = (
			);
			inputPaths = (
			);
			name = "Copy Pods Resources";
			outputPaths = (
			);
			runOnlyForDeploymentPostprocessing = 0;
			shellPath = /bin/sh;
			shellScript = "\"${SRCROOT}/Pods/Pods-FoodHero-resources.sh\"\n";
			showEnvVarsInLog = 0;
		};
/* End PBXShellScriptBuildPhase section */

/* Begin PBXSourcesBuildPhase section */
		8FCBADC519614B83001ED357 /* Sources */ = {
			isa = PBXSourcesBuildPhase;
			buildActionMask = 2147483647;
			files = (
				8FD2FFE6196B0092002E922E /* Conversation.m in Sources */,
				8FCC7659196A994700AA9A6F /* DesignByContractException.m in Sources */,
				8FCC764F196A852400AA9A6F /* ConversationAppService.m in Sources */,
				8FCC7662196AA45300AA9A6F /* AnonymousUser.m in Sources */,
				8FD619211966F01500B57343 /* ControllerFactory.m in Sources */,
				8F54745B19619C0D00843FEE /* NavigationController.m in Sources */,
				8F54745519619A2300843FEE /* TyphoonBuilder.m in Sources */,
				8FCC7665196AA47D00AA9A6F /* Persona.m in Sources */,
				8F6F3D6D1966ABB6003F7AC0 /* ConversationBubbleTableViewCell.m in Sources */,
				8FD2FFE0196AFB2F002E922E /* ConversationRepository.m in Sources */,
				8F60D0E61969ABE0007324B6 /* ConversationBubbleUser.m in Sources */,
				8F54745819619AA300843FEE /* DefaultAssembly.m in Sources */,
				8FCC7668196AA58200AA9A6F /* Personas.m in Sources */,
				8F54745F1961F0DA00843FEE /* ConversationViewController.m in Sources */,
				8F6F3D731966ACDA003F7AC0 /* ConversationBubbleFoodHero.m in Sources */,
				8FCBADDD19614B83001ED357 /* AppDelegate.m in Sources */,
				8FCC765C196A9B9100AA9A6F /* Statement.m in Sources */,
				8FCC765F196AA43600AA9A6F /* FoodHero.m in Sources */,
				8F6F3D701966ABDE003F7AC0 /* ConversationBubble.m in Sources */,
				8FCBADD919614B83001ED357 /* main.m in Sources */,
				2352555AE3624473A5BC7BC2 /* Restaurant.m in Sources */,
				23525A5A6472E304F48914DF /* GoogleRestaurantSearch.m in Sources */,
				23525FBEDE7B4732549F7342 /* TyphoonComponents.m in Sources */,
			);
			runOnlyForDeploymentPostprocessing = 0;
		};
		8FCBADE019614B83001ED357 /* Sources */ = {
			isa = PBXSourcesBuildPhase;
			buildActionMask = 2147483647;
			files = (
				8FCBADF219614B83001ED357 /* ApplicationAssemblyTests.m in Sources */,
				8FCC7651196A874800AA9A6F /* ConversationAppServiceTests.m in Sources */,
				8FD2FFE2196AFF9D002E922E /* ConversationRepositoryTests.m in Sources */,
				8FD2FFE8196B01F7002E922E /* ConversationTests.m in Sources */,
				8FD6191E1966EEDE00B57343 /* ConversationViewControllerTests.m in Sources */,
				8F6A2A1C196C216F00464A6E /* TyphoonComponentsTests.m in Sources */,
			);
			runOnlyForDeploymentPostprocessing = 0;
		};
/* End PBXSourcesBuildPhase section */

/* Begin PBXTargetDependency section */
		8FCBADEA19614B83001ED357 /* PBXTargetDependency */ = {
			isa = PBXTargetDependency;
			target = 8FCBADC819614B83001ED357 /* FoodHero */;
			targetProxy = 8FCBADE919614B83001ED357 /* PBXContainerItemProxy */;
		};
/* End PBXTargetDependency section */

/* Begin PBXVariantGroup section */
		8FCBADD519614B83001ED357 /* InfoPlist.strings */ = {
			isa = PBXVariantGroup;
			children = (
				8FCBADD619614B83001ED357 /* en */,
			);
			name = InfoPlist.strings;
			sourceTree = "<group>";
		};
		8FCBADEE19614B83001ED357 /* InfoPlist.strings */ = {
			isa = PBXVariantGroup;
			children = (
				8FCBADEF19614B83001ED357 /* en */,
			);
			name = InfoPlist.strings;
			sourceTree = "<group>";
		};
/* End PBXVariantGroup section */

/* Begin XCBuildConfiguration section */
		8FCBADF319614B83001ED357 /* Debug */ = {
			isa = XCBuildConfiguration;
			buildSettings = {
				ALWAYS_SEARCH_USER_PATHS = NO;
				CLANG_CXX_LANGUAGE_STANDARD = "gnu++0x";
				CLANG_CXX_LIBRARY = "libc++";
				CLANG_ENABLE_MODULES = YES;
				CLANG_ENABLE_OBJC_ARC = YES;
				CLANG_WARN_BOOL_CONVERSION = YES;
				CLANG_WARN_CONSTANT_CONVERSION = YES;
				CLANG_WARN_DIRECT_OBJC_ISA_USAGE = YES_ERROR;
				CLANG_WARN_EMPTY_BODY = YES;
				CLANG_WARN_ENUM_CONVERSION = YES;
				CLANG_WARN_INT_CONVERSION = YES;
				CLANG_WARN_OBJC_ROOT_CLASS = YES_ERROR;
				CLANG_WARN__DUPLICATE_METHOD_MATCH = YES;
				"CODE_SIGN_IDENTITY[sdk=iphoneos*]" = "iPhone Developer";
				COPY_PHASE_STRIP = NO;
				GCC_C_LANGUAGE_STANDARD = gnu99;
				GCC_DYNAMIC_NO_PIC = NO;
				GCC_OPTIMIZATION_LEVEL = 0;
				GCC_PREPROCESSOR_DEFINITIONS = (
					"DEBUG=1",
					"$(inherited)",
				);
				GCC_SYMBOLS_PRIVATE_EXTERN = NO;
				GCC_WARN_64_TO_32_BIT_CONVERSION = YES;
				GCC_WARN_ABOUT_RETURN_TYPE = YES_ERROR;
				GCC_WARN_UNDECLARED_SELECTOR = YES;
				GCC_WARN_UNINITIALIZED_AUTOS = YES_AGGRESSIVE;
				GCC_WARN_UNUSED_FUNCTION = YES;
				GCC_WARN_UNUSED_VARIABLE = YES;
				IPHONEOS_DEPLOYMENT_TARGET = 7.1;
				ONLY_ACTIVE_ARCH = YES;
				SDKROOT = iphoneos;
			};
			name = Debug;
		};
		8FCBADF419614B83001ED357 /* Release */ = {
			isa = XCBuildConfiguration;
			buildSettings = {
				ALWAYS_SEARCH_USER_PATHS = NO;
				CLANG_CXX_LANGUAGE_STANDARD = "gnu++0x";
				CLANG_CXX_LIBRARY = "libc++";
				CLANG_ENABLE_MODULES = YES;
				CLANG_ENABLE_OBJC_ARC = YES;
				CLANG_WARN_BOOL_CONVERSION = YES;
				CLANG_WARN_CONSTANT_CONVERSION = YES;
				CLANG_WARN_DIRECT_OBJC_ISA_USAGE = YES_ERROR;
				CLANG_WARN_EMPTY_BODY = YES;
				CLANG_WARN_ENUM_CONVERSION = YES;
				CLANG_WARN_INT_CONVERSION = YES;
				CLANG_WARN_OBJC_ROOT_CLASS = YES_ERROR;
				CLANG_WARN__DUPLICATE_METHOD_MATCH = YES;
				"CODE_SIGN_IDENTITY[sdk=iphoneos*]" = "iPhone Developer";
				COPY_PHASE_STRIP = YES;
				ENABLE_NS_ASSERTIONS = NO;
				GCC_C_LANGUAGE_STANDARD = gnu99;
				GCC_WARN_64_TO_32_BIT_CONVERSION = YES;
				GCC_WARN_ABOUT_RETURN_TYPE = YES_ERROR;
				GCC_WARN_UNDECLARED_SELECTOR = YES;
				GCC_WARN_UNINITIALIZED_AUTOS = YES_AGGRESSIVE;
				GCC_WARN_UNUSED_FUNCTION = YES;
				GCC_WARN_UNUSED_VARIABLE = YES;
				IPHONEOS_DEPLOYMENT_TARGET = 7.1;
				SDKROOT = iphoneos;
				VALIDATE_PRODUCT = YES;
			};
			name = Release;
		};
		8FCBADF619614B83001ED357 /* Debug */ = {
			isa = XCBuildConfiguration;
			baseConfigurationReference = 2B62F4A5BA724C0883A67471 /* Pods-FoodHero.xcconfig */;
			buildSettings = {
				ASSETCATALOG_COMPILER_APPICON_NAME = AppIcon;
				ASSETCATALOG_COMPILER_LAUNCHIMAGE_NAME = LaunchImage;
				GCC_PRECOMPILE_PREFIX_HEADER = YES;
				GCC_PREFIX_HEADER = "FoodHero/FoodHero-Prefix.pch";
				INFOPLIST_FILE = "FoodHero/FoodHero-Info.plist";
				IPHONEOS_DEPLOYMENT_TARGET = 7.1;
				PRODUCT_NAME = "$(TARGET_NAME)";
				WRAPPER_EXTENSION = app;
			};
			name = Debug;
		};
		8FCBADF719614B83001ED357 /* Release */ = {
			isa = XCBuildConfiguration;
			baseConfigurationReference = 2B62F4A5BA724C0883A67471 /* Pods-FoodHero.xcconfig */;
			buildSettings = {
				ASSETCATALOG_COMPILER_APPICON_NAME = AppIcon;
				ASSETCATALOG_COMPILER_LAUNCHIMAGE_NAME = LaunchImage;
				GCC_PRECOMPILE_PREFIX_HEADER = YES;
				GCC_PREFIX_HEADER = "FoodHero/FoodHero-Prefix.pch";
				INFOPLIST_FILE = "FoodHero/FoodHero-Info.plist";
				IPHONEOS_DEPLOYMENT_TARGET = 7.1;
				PRODUCT_NAME = "$(TARGET_NAME)";
				WRAPPER_EXTENSION = app;
			};
			name = Release;
		};
		8FCBADF919614B83001ED357 /* Debug */ = {
			isa = XCBuildConfiguration;
			baseConfigurationReference = A5B12E02E3AA41E69D7C0516 /* Pods-FoodHeroTests.xcconfig */;
			buildSettings = {
				BUNDLE_LOADER = "$(BUILT_PRODUCTS_DIR)/FoodHero.app/FoodHero";
				FRAMEWORK_SEARCH_PATHS = (
					"$(SDKROOT)/Developer/Library/Frameworks",
					"$(inherited)",
					"$(DEVELOPER_FRAMEWORKS_DIR)",
				);
				GCC_PRECOMPILE_PREFIX_HEADER = YES;
				GCC_PREFIX_HEADER = "FoodHero/FoodHero-Prefix.pch";
				GCC_PREPROCESSOR_DEFINITIONS = (
					"DEBUG=1",
					"$(inherited)",
				);
				INFOPLIST_FILE = "FoodHeroTests/FoodHeroTests-Info.plist";
				PRODUCT_NAME = "$(TARGET_NAME)";
				TEST_HOST = "$(BUNDLE_LOADER)";
				WRAPPER_EXTENSION = xctest;
			};
			name = Debug;
		};
		8FCBADFA19614B83001ED357 /* Release */ = {
			isa = XCBuildConfiguration;
			baseConfigurationReference = A5B12E02E3AA41E69D7C0516 /* Pods-FoodHeroTests.xcconfig */;
			buildSettings = {
				BUNDLE_LOADER = "$(BUILT_PRODUCTS_DIR)/FoodHero.app/FoodHero";
				FRAMEWORK_SEARCH_PATHS = (
					"$(SDKROOT)/Developer/Library/Frameworks",
					"$(inherited)",
					"$(DEVELOPER_FRAMEWORKS_DIR)",
				);
				GCC_PRECOMPILE_PREFIX_HEADER = YES;
				GCC_PREFIX_HEADER = "FoodHero/FoodHero-Prefix.pch";
				INFOPLIST_FILE = "FoodHeroTests/FoodHeroTests-Info.plist";
				PRODUCT_NAME = "$(TARGET_NAME)";
				TEST_HOST = "$(BUNDLE_LOADER)";
				WRAPPER_EXTENSION = xctest;
			};
			name = Release;
		};
/* End XCBuildConfiguration section */

/* Begin XCConfigurationList section */
		8FCBADC419614B83001ED357 /* Build configuration list for PBXProject "FoodHero" */ = {
			isa = XCConfigurationList;
			buildConfigurations = (
				8FCBADF319614B83001ED357 /* Debug */,
				8FCBADF419614B83001ED357 /* Release */,
			);
			defaultConfigurationIsVisible = 0;
			defaultConfigurationName = Release;
		};
		8FCBADF519614B83001ED357 /* Build configuration list for PBXNativeTarget "FoodHero" */ = {
			isa = XCConfigurationList;
			buildConfigurations = (
				8FCBADF619614B83001ED357 /* Debug */,
				8FCBADF719614B83001ED357 /* Release */,
			);
			defaultConfigurationIsVisible = 0;
			defaultConfigurationName = Release;
		};
		8FCBADF819614B83001ED357 /* Build configuration list for PBXNativeTarget "FoodHeroTests" */ = {
			isa = XCConfigurationList;
			buildConfigurations = (
				8FCBADF919614B83001ED357 /* Debug */,
				8FCBADFA19614B83001ED357 /* Release */,
			);
			defaultConfigurationIsVisible = 0;
			defaultConfigurationName = Release;
		};
/* End XCConfigurationList section */
	};
	rootObject = 8FCBADC119614B83001ED357 /* Project object */;
}
