// !$*UTF8*$!
{
	archiveVersion = 1;
	classes = {
	};
	objectVersion = 46;
	objects = {

/* Begin PBXBuildFile section */
		3D709FDF2C4B4D118D6EB3B1 /* libPods-FoodHero.a in Frameworks */ = {isa = PBXBuildFile; fileRef = 87CDF585A9494C2ABFC31D2C /* libPods-FoodHero.a */; };
		8F5474521961797F00843FEE /* Main.storyboard in Resources */ = {isa = PBXBuildFile; fileRef = 8F5474511961797F00843FEE /* Main.storyboard */; };
		8F54745519619A2300843FEE /* TyphoonBuilder.m in Sources */ = {isa = PBXBuildFile; fileRef = 8F54745419619A2300843FEE /* TyphoonBuilder.m */; };
		8F54745819619AA300843FEE /* ApplicationAssembly.m in Sources */ = {isa = PBXBuildFile; fileRef = 8F54745719619AA300843FEE /* ApplicationAssembly.m */; };
		8F54745B19619C0D00843FEE /* NavigationController.m in Sources */ = {isa = PBXBuildFile; fileRef = 8F54745A19619C0D00843FEE /* NavigationController.m */; };
		8FCBADCD19614B83001ED357 /* Foundation.framework in Frameworks */ = {isa = PBXBuildFile; fileRef = 8FCBADCC19614B83001ED357 /* Foundation.framework */; };
		8FCBADCF19614B83001ED357 /* CoreGraphics.framework in Frameworks */ = {isa = PBXBuildFile; fileRef = 8FCBADCE19614B83001ED357 /* CoreGraphics.framework */; };
		8FCBADD119614B83001ED357 /* UIKit.framework in Frameworks */ = {isa = PBXBuildFile; fileRef = 8FCBADD019614B83001ED357 /* UIKit.framework */; };
		8FCBADD719614B83001ED357 /* InfoPlist.strings in Resources */ = {isa = PBXBuildFile; fileRef = 8FCBADD519614B83001ED357 /* InfoPlist.strings */; };
		8FCBADD919614B83001ED357 /* main.m in Sources */ = {isa = PBXBuildFile; fileRef = 8FCBADD819614B83001ED357 /* main.m */; };
		8FCBADDD19614B83001ED357 /* AppDelegate.m in Sources */ = {isa = PBXBuildFile; fileRef = 8FCBADDC19614B83001ED357 /* AppDelegate.m */; };
		8FCBADDF19614B83001ED357 /* Images.xcassets in Resources */ = {isa = PBXBuildFile; fileRef = 8FCBADDE19614B83001ED357 /* Images.xcassets */; };
		8FCBADE619614B83001ED357 /* XCTest.framework in Frameworks */ = {isa = PBXBuildFile; fileRef = 8FCBADE519614B83001ED357 /* XCTest.framework */; };
		8FCBADE719614B83001ED357 /* Foundation.framework in Frameworks */ = {isa = PBXBuildFile; fileRef = 8FCBADCC19614B83001ED357 /* Foundation.framework */; };
		8FCBADE819614B83001ED357 /* UIKit.framework in Frameworks */ = {isa = PBXBuildFile; fileRef = 8FCBADD019614B83001ED357 /* UIKit.framework */; };
		8FCBADF019614B83001ED357 /* InfoPlist.strings in Resources */ = {isa = PBXBuildFile; fileRef = 8FCBADEE19614B83001ED357 /* InfoPlist.strings */; };
		8FCBADF219614B83001ED357 /* FoodHeroTests.m in Sources */ = {isa = PBXBuildFile; fileRef = 8FCBADF119614B83001ED357 /* FoodHeroTests.m */; };
		CCBEFC2AA51A4FBDA79617D3 /* libPods-FoodHeroTests.a in Frameworks */ = {isa = PBXBuildFile; fileRef = 0A30424296DB45F0AA881B71 /* libPods-FoodHeroTests.a */; };
/* End PBXBuildFile section */

/* Begin PBXContainerItemProxy section */
		8FCBADE919614B83001ED357 /* PBXContainerItemProxy */ = {
			isa = PBXContainerItemProxy;
			containerPortal = 8FCBADC119614B83001ED357 /* Project object */;
			proxyType = 1;
			remoteGlobalIDString = 8FCBADC819614B83001ED357;
			remoteInfo = FoodHero;
		};
/* End PBXContainerItemProxy section */

/* Begin PBXFileReference section */
		0A30424296DB45F0AA881B71 /* libPods-FoodHeroTests.a */ = {isa = PBXFileReference; explicitFileType = archive.ar; includeInIndex = 0; path = "libPods-FoodHeroTests.a"; sourceTree = BUILT_PRODUCTS_DIR; };
		2B62F4A5BA724C0883A67471 /* Pods-FoodHero.xcconfig */ = {isa = PBXFileReference; includeInIndex = 1; lastKnownFileType = text.xcconfig; name = "Pods-FoodHero.xcconfig"; path = "Pods/Pods-FoodHero.xcconfig"; sourceTree = "<group>"; };
		87CDF585A9494C2ABFC31D2C /* libPods-FoodHero.a */ = {isa = PBXFileReference; explicitFileType = archive.ar; includeInIndex = 0; path = "libPods-FoodHero.a"; sourceTree = BUILT_PRODUCTS_DIR; };
		8F5474511961797F00843FEE /* Main.storyboard */ = {isa = PBXFileReference; fileEncoding = 4; lastKnownFileType = file.storyboard; path = Main.storyboard; sourceTree = "<group>"; };
		8F54745319619A2300843FEE /* TyphoonBuilder.h */ = {isa = PBXFileReference; fileEncoding = 4; lastKnownFileType = sourcecode.c.h; path = TyphoonBuilder.h; sourceTree = "<group>"; };
		8F54745419619A2300843FEE /* TyphoonBuilder.m */ = {isa = PBXFileReference; fileEncoding = 4; lastKnownFileType = sourcecode.c.objc; path = TyphoonBuilder.m; sourceTree = "<group>"; };
		8F54745619619AA300843FEE /* ApplicationAssembly.h */ = {isa = PBXFileReference; fileEncoding = 4; lastKnownFileType = sourcecode.c.h; path = ApplicationAssembly.h; sourceTree = "<group>"; };
		8F54745719619AA300843FEE /* ApplicationAssembly.m */ = {isa = PBXFileReference; fileEncoding = 4; lastKnownFileType = sourcecode.c.objc; path = ApplicationAssembly.m; sourceTree = "<group>"; };
		8F54745919619C0D00843FEE /* NavigationController.h */ = {isa = PBXFileReference; fileEncoding = 4; lastKnownFileType = sourcecode.c.h; path = NavigationController.h; sourceTree = "<group>"; };
		8F54745A19619C0D00843FEE /* NavigationController.m */ = {isa = PBXFileReference; fileEncoding = 4; lastKnownFileType = sourcecode.c.objc; path = NavigationController.m; sourceTree = "<group>"; };
		8FCBADC919614B83001ED357 /* FoodHero.app */ = {isa = PBXFileReference; explicitFileType = wrapper.application; includeInIndex = 0; path = FoodHero.app; sourceTree = BUILT_PRODUCTS_DIR; };
		8FCBADCC19614B83001ED357 /* Foundation.framework */ = {isa = PBXFileReference; lastKnownFileType = wrapper.framework; name = Foundation.framework; path = System/Library/Frameworks/Foundation.framework; sourceTree = SDKROOT; };
		8FCBADCE19614B83001ED357 /* CoreGraphics.framework */ = {isa = PBXFileReference; lastKnownFileType = wrapper.framework; name = CoreGraphics.framework; path = System/Library/Frameworks/CoreGraphics.framework; sourceTree = SDKROOT; };
		8FCBADD019614B83001ED357 /* UIKit.framework */ = {isa = PBXFileReference; lastKnownFileType = wrapper.framework; name = UIKit.framework; path = System/Library/Frameworks/UIKit.framework; sourceTree = SDKROOT; };
		8FCBADD419614B83001ED357 /* FoodHero-Info.plist */ = {isa = PBXFileReference; lastKnownFileType = text.plist.xml; path = "FoodHero-Info.plist"; sourceTree = "<group>"; };
		8FCBADD619614B83001ED357 /* en */ = {isa = PBXFileReference; lastKnownFileType = text.plist.strings; name = en; path = en.lproj/InfoPlist.strings; sourceTree = "<group>"; };
		8FCBADD819614B83001ED357 /* main.m */ = {isa = PBXFileReference; lastKnownFileType = sourcecode.c.objc; path = main.m; sourceTree = "<group>"; };
		8FCBADDA19614B83001ED357 /* FoodHero-Prefix.pch */ = {isa = PBXFileReference; lastKnownFileType = sourcecode.c.h; path = "FoodHero-Prefix.pch"; sourceTree = "<group>"; };
		8FCBADDB19614B83001ED357 /* AppDelegate.h */ = {isa = PBXFileReference; lastKnownFileType = sourcecode.c.h; path = AppDelegate.h; sourceTree = "<group>"; };
		8FCBADDC19614B83001ED357 /* AppDelegate.m */ = {isa = PBXFileReference; lastKnownFileType = sourcecode.c.objc; path = AppDelegate.m; sourceTree = "<group>"; };
		8FCBADDE19614B83001ED357 /* Images.xcassets */ = {isa = PBXFileReference; lastKnownFileType = folder.assetcatalog; path = Images.xcassets; sourceTree = "<group>"; };
		8FCBADE419614B83001ED357 /* FoodHeroTests.xctest */ = {isa = PBXFileReference; explicitFileType = wrapper.cfbundle; includeInIndex = 0; path = FoodHeroTests.xctest; sourceTree = BUILT_PRODUCTS_DIR; };
		8FCBADE519614B83001ED357 /* XCTest.framework */ = {isa = PBXFileReference; lastKnownFileType = wrapper.framework; name = XCTest.framework; path = Library/Frameworks/XCTest.framework; sourceTree = DEVELOPER_DIR; };
		8FCBADED19614B83001ED357 /* FoodHeroTests-Info.plist */ = {isa = PBXFileReference; lastKnownFileType = text.plist.xml; path = "FoodHeroTests-Info.plist"; sourceTree = "<group>"; };
		8FCBADEF19614B83001ED357 /* en */ = {isa = PBXFileReference; lastKnownFileType = text.plist.strings; name = en; path = en.lproj/InfoPlist.strings; sourceTree = "<group>"; };
		8FCBADF119614B83001ED357 /* FoodHeroTests.m */ = {isa = PBXFileReference; lastKnownFileType = sourcecode.c.objc; path = FoodHeroTests.m; sourceTree = "<group>"; };
		A5B12E02E3AA41E69D7C0516 /* Pods-FoodHeroTests.xcconfig */ = {isa = PBXFileReference; includeInIndex = 1; lastKnownFileType = text.xcconfig; name = "Pods-FoodHeroTests.xcconfig"; path = "Pods/Pods-FoodHeroTests.xcconfig"; sourceTree = "<group>"; };
/* End PBXFileReference section */

/* Begin PBXFrameworksBuildPhase section */
		8FCBADC619614B83001ED357 /* Frameworks */ = {
			isa = PBXFrameworksBuildPhase;
			buildActionMask = 2147483647;
			files = (
				8FCBADCF19614B83001ED357 /* CoreGraphics.framework in Frameworks */,
				8FCBADD119614B83001ED357 /* UIKit.framework in Frameworks */,
				8FCBADCD19614B83001ED357 /* Foundation.framework in Frameworks */,
				3D709FDF2C4B4D118D6EB3B1 /* libPods-FoodHero.a in Frameworks */,
			);
			runOnlyForDeploymentPostprocessing = 0;
		};
		8FCBADE119614B83001ED357 /* Frameworks */ = {
			isa = PBXFrameworksBuildPhase;
			buildActionMask = 2147483647;
			files = (
				8FCBADE619614B83001ED357 /* XCTest.framework in Frameworks */,
				8FCBADE819614B83001ED357 /* UIKit.framework in Frameworks */,
				8FCBADE719614B83001ED357 /* Foundation.framework in Frameworks */,
				CCBEFC2AA51A4FBDA79617D3 /* libPods-FoodHeroTests.a in Frameworks */,
			);
			runOnlyForDeploymentPostprocessing = 0;
		};
/* End PBXFrameworksBuildPhase section */

/* Begin PBXGroup section */
		8F54745C1961A36200843FEE /* Infrastructure */ = {
			isa = PBXGroup;
			children = (
				8F54745319619A2300843FEE /* TyphoonBuilder.h */,
				8F54745419619A2300843FEE /* TyphoonBuilder.m */,
				8F54745619619AA300843FEE /* ApplicationAssembly.h */,
				8F54745719619AA300843FEE /* ApplicationAssembly.m */,
				8FCBADDB19614B83001ED357 /* AppDelegate.h */,
				8FCBADDC19614B83001ED357 /* AppDelegate.m */,
			);
			name = Infrastructure;
			sourceTree = "<group>";
		};
		8FCBADC019614B83001ED357 = {
			isa = PBXGroup;
			children = (
				8FCBADD219614B83001ED357 /* FoodHero */,
				8FCBADEB19614B83001ED357 /* FoodHeroTests */,
				8FCBADCB19614B83001ED357 /* Frameworks */,
				8FCBADCA19614B83001ED357 /* Products */,
				2B62F4A5BA724C0883A67471 /* Pods-FoodHero.xcconfig */,
				A5B12E02E3AA41E69D7C0516 /* Pods-FoodHeroTests.xcconfig */,
			);
			sourceTree = "<group>";
		};
		8FCBADCA19614B83001ED357 /* Products */ = {
			isa = PBXGroup;
			children = (
				8FCBADC919614B83001ED357 /* FoodHero.app */,
				8FCBADE419614B83001ED357 /* FoodHeroTests.xctest */,
			);
			name = Products;
			sourceTree = "<group>";
		};
		8FCBADCB19614B83001ED357 /* Frameworks */ = {
			isa = PBXGroup;
			children = (
				8FCBADCC19614B83001ED357 /* Foundation.framework */,
				8FCBADCE19614B83001ED357 /* CoreGraphics.framework */,
				8FCBADD019614B83001ED357 /* UIKit.framework */,
				8FCBADE519614B83001ED357 /* XCTest.framework */,
				87CDF585A9494C2ABFC31D2C /* libPods-FoodHero.a */,
				0A30424296DB45F0AA881B71 /* libPods-FoodHeroTests.a */,
			);
			name = Frameworks;
			sourceTree = "<group>";
		};
		8FCBADD219614B83001ED357 /* FoodHero */ = {
			isa = PBXGroup;
			children = (
				8F54745C1961A36200843FEE /* Infrastructure */,
				8FCBADDE19614B83001ED357 /* Images.xcassets */,
				8FCBADD319614B83001ED357 /* Supporting Files */,
				8F5474511961797F00843FEE /* Main.storyboard */,
				8F54745919619C0D00843FEE /* NavigationController.h */,
				8F54745A19619C0D00843FEE /* NavigationController.m */,
			);
			path = FoodHero;
			sourceTree = "<group>";
		};
		8FCBADD319614B83001ED357 /* Supporting Files */ = {
			isa = PBXGroup;
			children = (
				8FCBADD419614B83001ED357 /* FoodHero-Info.plist */,
				8FCBADD519614B83001ED357 /* InfoPlist.strings */,
				8FCBADD819614B83001ED357 /* main.m */,
				8FCBADDA19614B83001ED357 /* FoodHero-Prefix.pch */,
			);
			name = "Supporting Files";
			sourceTree = "<group>";
		};
		8FCBADEB19614B83001ED357 /* FoodHeroTests */ = {
			isa = PBXGroup;
			children = (
				8FCBADF119614B83001ED357 /* FoodHeroTests.m */,
				8FCBADEC19614B83001ED357 /* Supporting Files */,
			);
			path = FoodHeroTests;
			sourceTree = "<group>";
		};
		8FCBADEC19614B83001ED357 /* Supporting Files */ = {
			isa = PBXGroup;
			children = (
				8FCBADED19614B83001ED357 /* FoodHeroTests-Info.plist */,
				8FCBADEE19614B83001ED357 /* InfoPlist.strings */,
			);
			name = "Supporting Files";
			sourceTree = "<group>";
		};
/* End PBXGroup section */

/* Begin PBXNativeTarget section */
		8FCBADC819614B83001ED357 /* FoodHero */ = {
			isa = PBXNativeTarget;
			buildConfigurationList = 8FCBADF519614B83001ED357 /* Build configuration list for PBXNativeTarget "FoodHero" */;
			buildPhases = (
				826E68EA9FCE4383A482A031 /* Check Pods Manifest.lock */,
				8FCBADC519614B83001ED357 /* Sources */,
				8FCBADC619614B83001ED357 /* Frameworks */,
				8FCBADC719614B83001ED357 /* Resources */,
				F7D2460F0C594202AD6E4F0A /* Copy Pods Resources */,
			);
			buildRules = (
			);
			dependencies = (
			);
			name = FoodHero;
			productName = FoodHero;
			productReference = 8FCBADC919614B83001ED357 /* FoodHero.app */;
			productType = "com.apple.product-type.application";
		};
		8FCBADE319614B83001ED357 /* FoodHeroTests */ = {
			isa = PBXNativeTarget;
			buildConfigurationList = 8FCBADF819614B83001ED357 /* Build configuration list for PBXNativeTarget "FoodHeroTests" */;
			buildPhases = (
				1DE023594DEB40C1880156F6 /* Check Pods Manifest.lock */,
				8FCBADE019614B83001ED357 /* Sources */,
				8FCBADE119614B83001ED357 /* Frameworks */,
				8FCBADE219614B83001ED357 /* Resources */,
				9F5313A7313C405691A29AAA /* Copy Pods Resources */,
			);
			buildRules = (
			);
			dependencies = (
				8FCBADEA19614B83001ED357 /* PBXTargetDependency */,
			);
			name = FoodHeroTests;
			productName = FoodHeroTests;
			productReference = 8FCBADE419614B83001ED357 /* FoodHeroTests.xctest */;
			productType = "com.apple.product-type.bundle.unit-test";
		};
/* End PBXNativeTarget section */

/* Begin PBXProject section */
		8FCBADC119614B83001ED357 /* Project object */ = {
			isa = PBXProject;
			attributes = {
				LastUpgradeCheck = 0510;
				ORGANIZATIONNAME = "JENNIUS LTD";
				TargetAttributes = {
					8FCBADE319614B83001ED357 = {
						TestTargetID = 8FCBADC819614B83001ED357;
					};
				};
			};
			buildConfigurationList = 8FCBADC419614B83001ED357 /* Build configuration list for PBXProject "FoodHero" */;
			compatibilityVersion = "Xcode 3.2";
			developmentRegion = English;
			hasScannedForEncodings = 0;
			knownRegions = (
				en,
			);
			mainGroup = 8FCBADC019614B83001ED357;
			productRefGroup = 8FCBADCA19614B83001ED357 /* Products */;
			projectDirPath = "";
			projectRoot = "";
			targets = (
				8FCBADC819614B83001ED357 /* FoodHero */,
				8FCBADE319614B83001ED357 /* FoodHeroTests */,
			);
		};
/* End PBXProject section */

/* Begin PBXResourcesBuildPhase section */
		8FCBADC719614B83001ED357 /* Resources */ = {
			isa = PBXResourcesBuildPhase;
			buildActionMask = 2147483647;
			files = (
				8F5474521961797F00843FEE /* Main.storyboard in Resources */,
				8FCBADD719614B83001ED357 /* InfoPlist.strings in Resources */,
				8FCBADDF19614B83001ED357 /* Images.xcassets in Resources */,
			);
			runOnlyForDeploymentPostprocessing = 0;
		};
		8FCBADE219614B83001ED357 /* Resources */ = {
			isa = PBXResourcesBuildPhase;
			buildActionMask = 2147483647;
			files = (
				8FCBADF019614B83001ED357 /* InfoPlist.strings in Resources */,
			);
			runOnlyForDeploymentPostprocessing = 0;
		};
/* End PBXResourcesBuildPhase section */

/* Begin PBXShellScriptBuildPhase section */
		1DE023594DEB40C1880156F6 /* Check Pods Manifest.lock */ = {
			isa = PBXShellScriptBuildPhase;
			buildActionMask = 2147483647;
			files = (
			);
			inputPaths = (
			);
			name = "Check Pods Manifest.lock";
			outputPaths = (
			);
			runOnlyForDeploymentPostprocessing = 0;
			shellPath = /bin/sh;
			shellScript = "diff \"${PODS_ROOT}/../Podfile.lock\" \"${PODS_ROOT}/Manifest.lock\" > /dev/null\nif [[ $? != 0 ]] ; then\n    cat << EOM\nerror: The sandbox is not in sync with the Podfile.lock. Run 'pod install' or update your CocoaPods installation.\nEOM\n    exit 1\nfi\n";
			showEnvVarsInLog = 0;
		};
		826E68EA9FCE4383A482A031 /* Check Pods Manifest.lock */ = {
			isa = PBXShellScriptBuildPhase;
			buildActionMask = 2147483647;
			files = (
			);
			inputPaths = (
			);
			name = "Check Pods Manifest.lock";
			outputPaths = (
			);
			runOnlyForDeploymentPostprocessing = 0;
			shellPath = /bin/sh;
			shellScript = "diff \"${PODS_ROOT}/../Podfile.lock\" \"${PODS_ROOT}/Manifest.lock\" > /dev/null\nif [[ $? != 0 ]] ; then\n    cat << EOM\nerror: The sandbox is not in sync with the Podfile.lock. Run 'pod install' or update your CocoaPods installation.\nEOM\n    exit 1\nfi\n";
			showEnvVarsInLog = 0;
		};
		9F5313A7313C405691A29AAA /* Copy Pods Resources */ = {
			isa = PBXShellScriptBuildPhase;
			buildActionMask = 2147483647;
			files = (
			);
			inputPaths = (
			);
			name = "Copy Pods Resources";
			outputPaths = (
			);
			runOnlyForDeploymentPostprocessing = 0;
			shellPath = /bin/sh;
			shellScript = "\"${SRCROOT}/Pods/Pods-FoodHeroTests-resources.sh\"\n";
			showEnvVarsInLog = 0;
		};
		F7D2460F0C594202AD6E4F0A /* Copy Pods Resources */ = {
			isa = PBXShellScriptBuildPhase;
			buildActionMask = 2147483647;
			files = (
			);
			inputPaths = (
			);
			name = "Copy Pods Resources";
			outputPaths = (
			);
			runOnlyForDeploymentPostprocessing = 0;
			shellPath = /bin/sh;
			shellScript = "\"${SRCROOT}/Pods/Pods-FoodHero-resources.sh\"\n";
			showEnvVarsInLog = 0;
		};
/* End PBXShellScriptBuildPhase section */

/* Begin PBXSourcesBuildPhase section */
		8FCBADC519614B83001ED357 /* Sources */ = {
			isa = PBXSourcesBuildPhase;
			buildActionMask = 2147483647;
			files = (
				8F54745B19619C0D00843FEE /* NavigationController.m in Sources */,
				8F54745519619A2300843FEE /* TyphoonBuilder.m in Sources */,
				8F54745819619AA300843FEE /* ApplicationAssembly.m in Sources */,
				8FCBADDD19614B83001ED357 /* AppDelegate.m in Sources */,
				8FCBADD919614B83001ED357 /* main.m in Sources */,
			);
			runOnlyForDeploymentPostprocessing = 0;
		};
		8FCBADE019614B83001ED357 /* Sources */ = {
			isa = PBXSourcesBuildPhase;
			buildActionMask = 2147483647;
			files = (
				8FCBADF219614B83001ED357 /* FoodHeroTests.m in Sources */,
			);
			runOnlyForDeploymentPostprocessing = 0;
		};
/* End PBXSourcesBuildPhase section */

/* Begin PBXTargetDependency section */
		8FCBADEA19614B83001ED357 /* PBXTargetDependency */ = {
			isa = PBXTargetDependency;
			target = 8FCBADC819614B83001ED357 /* FoodHero */;
			targetProxy = 8FCBADE919614B83001ED357 /* PBXContainerItemProxy */;
		};
/* End PBXTargetDependency section */

/* Begin PBXVariantGroup section */
		8FCBADD519614B83001ED357 /* InfoPlist.strings */ = {
			isa = PBXVariantGroup;
			children = (
				8FCBADD619614B83001ED357 /* en */,
			);
			name = InfoPlist.strings;
			sourceTree = "<group>";
		};
		8FCBADEE19614B83001ED357 /* InfoPlist.strings */ = {
			isa = PBXVariantGroup;
			children = (
				8FCBADEF19614B83001ED357 /* en */,
			);
			name = InfoPlist.strings;
			sourceTree = "<group>";
		};
/* End PBXVariantGroup section */

/* Begin XCBuildConfiguration section */
		8FCBADF319614B83001ED357 /* Debug */ = {
			isa = XCBuildConfiguration;
			buildSettings = {
				ALWAYS_SEARCH_USER_PATHS = NO;
				CLANG_CXX_LANGUAGE_STANDARD = "gnu++0x";
				CLANG_CXX_LIBRARY = "libc++";
				CLANG_ENABLE_MODULES = YES;
				CLANG_ENABLE_OBJC_ARC = YES;
				CLANG_WARN_BOOL_CONVERSION = YES;
				CLANG_WARN_CONSTANT_CONVERSION = YES;
				CLANG_WARN_DIRECT_OBJC_ISA_USAGE = YES_ERROR;
				CLANG_WARN_EMPTY_BODY = YES;
				CLANG_WARN_ENUM_CONVERSION = YES;
				CLANG_WARN_INT_CONVERSION = YES;
				CLANG_WARN_OBJC_ROOT_CLASS = YES_ERROR;
				CLANG_WARN__DUPLICATE_METHOD_MATCH = YES;
				"CODE_SIGN_IDENTITY[sdk=iphoneos*]" = "iPhone Developer";
				COPY_PHASE_STRIP = NO;
				GCC_C_LANGUAGE_STANDARD = gnu99;
				GCC_DYNAMIC_NO_PIC = NO;
				GCC_OPTIMIZATION_LEVEL = 0;
				GCC_PREPROCESSOR_DEFINITIONS = (
					"DEBUG=1",
					"$(inherited)",
				);
				GCC_SYMBOLS_PRIVATE_EXTERN = NO;
				GCC_WARN_64_TO_32_BIT_CONVERSION = YES;
				GCC_WARN_ABOUT_RETURN_TYPE = YES_ERROR;
				GCC_WARN_UNDECLARED_SELECTOR = YES;
				GCC_WARN_UNINITIALIZED_AUTOS = YES_AGGRESSIVE;
				GCC_WARN_UNUSED_FUNCTION = YES;
				GCC_WARN_UNUSED_VARIABLE = YES;
				IPHONEOS_DEPLOYMENT_TARGET = 7.1;
				ONLY_ACTIVE_ARCH = YES;
				SDKROOT = iphoneos;
			};
			name = Debug;
		};
		8FCBADF419614B83001ED357 /* Release */ = {
			isa = XCBuildConfiguration;
			buildSettings = {
				ALWAYS_SEARCH_USER_PATHS = NO;
				CLANG_CXX_LANGUAGE_STANDARD = "gnu++0x";
				CLANG_CXX_LIBRARY = "libc++";
				CLANG_ENABLE_MODULES = YES;
				CLANG_ENABLE_OBJC_ARC = YES;
				CLANG_WARN_BOOL_CONVERSION = YES;
				CLANG_WARN_CONSTANT_CONVERSION = YES;
				CLANG_WARN_DIRECT_OBJC_ISA_USAGE = YES_ERROR;
				CLANG_WARN_EMPTY_BODY = YES;
				CLANG_WARN_ENUM_CONVERSION = YES;
				CLANG_WARN_INT_CONVERSION = YES;
				CLANG_WARN_OBJC_ROOT_CLASS = YES_ERROR;
				CLANG_WARN__DUPLICATE_METHOD_MATCH = YES;
				"CODE_SIGN_IDENTITY[sdk=iphoneos*]" = "iPhone Developer";
				COPY_PHASE_STRIP = YES;
				ENABLE_NS_ASSERTIONS = NO;
				GCC_C_LANGUAGE_STANDARD = gnu99;
				GCC_WARN_64_TO_32_BIT_CONVERSION = YES;
				GCC_WARN_ABOUT_RETURN_TYPE = YES_ERROR;
				GCC_WARN_UNDECLARED_SELECTOR = YES;
				GCC_WARN_UNINITIALIZED_AUTOS = YES_AGGRESSIVE;
				GCC_WARN_UNUSED_FUNCTION = YES;
				GCC_WARN_UNUSED_VARIABLE = YES;
				IPHONEOS_DEPLOYMENT_TARGET = 7.1;
				SDKROOT = iphoneos;
				VALIDATE_PRODUCT = YES;
			};
			name = Release;
		};
		8FCBADF619614B83001ED357 /* Debug */ = {
			isa = XCBuildConfiguration;
			baseConfigurationReference = 2B62F4A5BA724C0883A67471 /* Pods-FoodHero.xcconfig */;
			buildSettings = {
				ASSETCATALOG_COMPILER_APPICON_NAME = AppIcon;
				ASSETCATALOG_COMPILER_LAUNCHIMAGE_NAME = LaunchImage;
				GCC_PRECOMPILE_PREFIX_HEADER = YES;
				GCC_PREFIX_HEADER = "FoodHero/FoodHero-Prefix.pch";
				INFOPLIST_FILE = "FoodHero/FoodHero-Info.plist";
				PRODUCT_NAME = "$(TARGET_NAME)";
				WRAPPER_EXTENSION = app;
			};
			name = Debug;
		};
		8FCBADF719614B83001ED357 /* Release */ = {
			isa = XCBuildConfiguration;
			baseConfigurationReference = 2B62F4A5BA724C0883A67471 /* Pods-FoodHero.xcconfig */;
			buildSettings = {
				ASSETCATALOG_COMPILER_APPICON_NAME = AppIcon;
				ASSETCATALOG_COMPILER_LAUNCHIMAGE_NAME = LaunchImage;
				GCC_PRECOMPILE_PREFIX_HEADER = YES;
				GCC_PREFIX_HEADER = "FoodHero/FoodHero-Prefix.pch";
				INFOPLIST_FILE = "FoodHero/FoodHero-Info.plist";
				PRODUCT_NAME = "$(TARGET_NAME)";
				WRAPPER_EXTENSION = app;
			};
			name = Release;
		};
		8FCBADF919614B83001ED357 /* Debug */ = {
			isa = XCBuildConfiguration;
			baseConfigurationReference = A5B12E02E3AA41E69D7C0516 /* Pods-FoodHeroTests.xcconfig */;
			buildSettings = {
				BUNDLE_LOADER = "$(BUILT_PRODUCTS_DIR)/FoodHero.app/FoodHero";
				FRAMEWORK_SEARCH_PATHS = (
					"$(SDKROOT)/Developer/Library/Frameworks",
					"$(inherited)",
					"$(DEVELOPER_FRAMEWORKS_DIR)",
				);
				GCC_PRECOMPILE_PREFIX_HEADER = YES;
				GCC_PREFIX_HEADER = "FoodHero/FoodHero-Prefix.pch";
				GCC_PREPROCESSOR_DEFINITIONS = (
					"DEBUG=1",
					"$(inherited)",
				);
				INFOPLIST_FILE = "FoodHeroTests/FoodHeroTests-Info.plist";
				PRODUCT_NAME = "$(TARGET_NAME)";
				TEST_HOST = "$(BUNDLE_LOADER)";
				WRAPPER_EXTENSION = xctest;
			};
			name = Debug;
		};
		8FCBADFA19614B83001ED357 /* Release */ = {
			isa = XCBuildConfiguration;
			baseConfigurationReference = A5B12E02E3AA41E69D7C0516 /* Pods-FoodHeroTests.xcconfig */;
			buildSettings = {
				BUNDLE_LOADER = "$(BUILT_PRODUCTS_DIR)/FoodHero.app/FoodHero";
				FRAMEWORK_SEARCH_PATHS = (
					"$(SDKROOT)/Developer/Library/Frameworks",
					"$(inherited)",
					"$(DEVELOPER_FRAMEWORKS_DIR)",
				);
				GCC_PRECOMPILE_PREFIX_HEADER = YES;
				GCC_PREFIX_HEADER = "FoodHero/FoodHero-Prefix.pch";
				INFOPLIST_FILE = "FoodHeroTests/FoodHeroTests-Info.plist";
				PRODUCT_NAME = "$(TARGET_NAME)";
				TEST_HOST = "$(BUNDLE_LOADER)";
				WRAPPER_EXTENSION = xctest;
			};
			name = Release;
		};
/* End XCBuildConfiguration section */

/* Begin XCConfigurationList section */
		8FCBADC419614B83001ED357 /* Build configuration list for PBXProject "FoodHero" */ = {
			isa = XCConfigurationList;
			buildConfigurations = (
				8FCBADF319614B83001ED357 /* Debug */,
				8FCBADF419614B83001ED357 /* Release */,
			);
			defaultConfigurationIsVisible = 0;
			defaultConfigurationName = Release;
		};
		8FCBADF519614B83001ED357 /* Build configuration list for PBXNativeTarget "FoodHero" */ = {
			isa = XCConfigurationList;
			buildConfigurations = (
				8FCBADF619614B83001ED357 /* Debug */,
				8FCBADF719614B83001ED357 /* Release */,
			);
			defaultConfigurationIsVisible = 0;
			defaultConfigurationName = Release;
		};
		8FCBADF819614B83001ED357 /* Build configuration list for PBXNativeTarget "FoodHeroTests" */ = {
			isa = XCConfigurationList;
			buildConfigurations = (
				8FCBADF919614B83001ED357 /* Debug */,
				8FCBADFA19614B83001ED357 /* Release */,
			);
			defaultConfigurationIsVisible = 0;
			defaultConfigurationName = Release;
		};
/* End XCConfigurationList section */
	};
	rootObject = 8FCBADC119614B83001ED357 /* Project object */;
}
